{
  "version": 1,
  "dependencies": {
    "net10.0": {
      "ICSharpCode.Decompiler": {
        "type": "Direct",
        "requested": "[11.0.0.9375, )",
        "resolved": "11.0.0.9375",
        "contentHash": "zjdmwehqkqtGHz/ItQJ3nSMFX65c0UW2wYBOiHWkP5WtY9Zm0f5Yz+Yh0UbKX+JiNtG57YbHPxh64VC08IZKMg=="
      }
    },
    "net10.0/linux-x64": {},
    "net10.0/win-x64": {}
  }
}